schema: '2.0'
stages:
  data_injection:
    cmd: python src/data_injection.py
    deps:
    - path: src/data_injection.py
      hash: md5
      md5: 2764c9b11e6bae09c21e26c5b4add9e5
      size: 3688
    params:
      params.yaml:
        data_injection.test_size: 0.3
    outs:
    - path: data/raw
      hash: md5
      md5: 6c14fc5d4581715d0c084959eeff4b01.dir
      size: 479272
      nfiles: 2
  data_preprocessing:
    cmd: python src/data_preprocessing.py
    deps:
    - path: data/raw
      hash: md5
      md5: 6c14fc5d4581715d0c084959eeff4b01.dir
      size: 479272
      nfiles: 2
    - path: src/data_preprocessing.py
      hash: md5
      md5: f33f23d3f89169892aec5fa81ec97626
      size: 3378
    outs:
    - path: data/interim
      hash: md5
      md5: 570302e2e21fccd20d4f4c04db1be660.dir
      size: 203779
      nfiles: 2
  feature_engineering:
    cmd: python src/feature_engineering.py
    deps:
    - path: data/interim
      hash: md5
      md5: 570302e2e21fccd20d4f4c04db1be660.dir
      size: 203779
      nfiles: 2
    params:
      params.yaml:
        feature_engineering.max_features: 10
    outs:
    - path: data/processed
      hash: md5
      md5: 982ffa49e2fc9ef262e2bc716aca6a30.dir
      size: 239632
      nfiles: 2
  model_building:
    cmd: python src/model_building.py
    deps:
    - path: data/processed
      hash: md5
      md5: 982ffa49e2fc9ef262e2bc716aca6a30.dir
      size: 239632
      nfiles: 2
    - path: src/model_building.py
      hash: md5
      md5: a415c81a95e4448429dc368852d6a823
      size: 4288
    params:
      params.yaml:
        model_building.n_estimators: 4
        model_building.random_state: 2
    outs:
    - path: models/model.pkl
      hash: md5
      md5: a19aaa9ddbbcb6ae3bc51999e08c2327
      size: 37602
  model_evaluation:
    cmd: python src/model_eval.py
    deps:
    - path: models/model.pkl
      hash: md5
      md5: a19aaa9ddbbcb6ae3bc51999e08c2327
      size: 37602
    - path: src/model_eval.py
      hash: md5
      md5: 436d9447b7a36ff16100e81ac21ce25b
      size: 4437
    outs:
    - path: reports/metrics.json
      hash: md5
      md5: 0db661ecfd463c476d7347a395aca34c
      size: 140
